PODS:
  - FXForms (1.2.12)
  - RZDebugMenu (0.2.0):
    - FXForms (~> 1.2)

DEPENDENCIES:
  - RZDebugMenu (from `../`)

EXTERNAL SOURCES:
  RZDebugMenu:
    :path: ../

SPEC CHECKSUMS:
  FXForms: ae90610432a0a9cbb71e0180f202d0fff375881f
  RZDebugMenu: e9ac336564dba9d0fbb51127a698df8e1e449b8d

COCOAPODS: 0.35.0
