PODS:
  - FXForms (1.2.12)
  - RZDebugMenu (0.1.0):
    - FXForms (~> 1.2)

DEPENDENCIES:
  - RZDebugMenu (from `../`)

EXTERNAL SOURCES:
  RZDebugMenu:
    :path: ../

SPEC CHECKSUMS:
  FXForms: ae90610432a0a9cbb71e0180f202d0fff375881f
  RZDebugMenu: 117dda5d9327eafeef00d2cb48d33393a2f573cc

COCOAPODS: 0.35.0
