<?xml version="1.0" encoding="UTF-8"?>
<!DOCTYPE plist PUBLIC "-//Apple//DTD PLIST 1.0//EN" "http://www.apple.com/DTDs/PropertyList-1.0.dtd">
<plist version="1.0">
<dict>
	<key>archiveVersion</key>
	<string>1</string>
	<key>classes</key>
	<dict/>
	<key>objectVersion</key>
	<string>46</string>
	<key>objects</key>
	<dict>
		<key>0C05B5FF19472B2C005F9046</key>
		<dict>
			<key>fileEncoding</key>
			<string>4</string>
			<key>isa</key>
			<string>PBXFileReference</string>
			<key>lastKnownFileType</key>
			<string>sourcecode.c.h</string>
			<key>path</key>
			<string>RZDebugMenuSettingsItem.h</string>
			<key>sourceTree</key>
			<string>&lt;group&gt;</string>
		</dict>
		<key>0C05B60019472B2C005F9046</key>
		<dict>
			<key>fileEncoding</key>
			<string>4</string>
			<key>isa</key>
			<string>PBXFileReference</string>
			<key>lastKnownFileType</key>
			<string>sourcecode.c.objc</string>
			<key>path</key>
			<string>RZDebugMenuSettingsItem.m</string>
			<key>sourceTree</key>
			<string>&lt;group&gt;</string>
		</dict>
		<key>0C05B60119472B2C005F9046</key>
		<dict>
			<key>fileRef</key>
			<string>0C05B60019472B2C005F9046</string>
			<key>isa</key>
			<string>PBXBuildFile</string>
		</dict>
		<key>0C05B60219478D59005F9046</key>
		<dict>
			<key>fileEncoding</key>
			<string>4</string>
			<key>isa</key>
			<string>PBXFileReference</string>
			<key>lastKnownFileType</key>
			<string>sourcecode.c.h</string>
			<key>path</key>
			<string>RZMultiValueSelectionItem.h</string>
			<key>sourceTree</key>
			<string>&lt;group&gt;</string>
		</dict>
		<key>0C05B60319478D59005F9046</key>
		<dict>
			<key>fileEncoding</key>
			<string>4</string>
			<key>isa</key>
			<string>PBXFileReference</string>
			<key>lastKnownFileType</key>
			<string>sourcecode.c.objc</string>
			<key>path</key>
			<string>RZMultiValueSelectionItem.m</string>
			<key>sourceTree</key>
			<string>&lt;group&gt;</string>
		</dict>
		<key>0C05B60419478D59005F9046</key>
		<dict>
			<key>fileRef</key>
			<string>0C05B60319478D59005F9046</string>
			<key>isa</key>
			<string>PBXBuildFile</string>
		</dict>
		<key>0C0CFB0B19424BBD00605FF3</key>
		<dict>
			<key>children</key>
			<array>
				<string>0C7811061948D95B00F25AE5</string>
				<string>0C7811071948D95B00F25AE5</string>
				<string>0C0CFB0E19424BBD00605FF3</string>
				<string>0C0CFB0F19424BBD00605FF3</string>
				<string>0C0CFB0C19424BBD00605FF3</string>
				<string>0C0CFB0D19424BBD00605FF3</string>
				<string>0C0CFB1219424BBD00605FF3</string>
				<string>0C0CFB1319424BBD00605FF3</string>
				<string>0C05B5FF19472B2C005F9046</string>
				<string>0C05B60019472B2C005F9046</string>
				<string>0C0CFB1019424BBD00605FF3</string>
				<string>0C0CFB1119424BBD00605FF3</string>
				<string>0C0CFB1419424BBD00605FF3</string>
				<string>0C0CFB1519424BBD00605FF3</string>
				<string>0C0CFB4319425DE600605FF3</string>
				<string>0C0CFB4419425DE600605FF3</string>
				<string>0C0CFB1619424BBD00605FF3</string>
				<string>0C0CFB1719424BBD00605FF3</string>
				<string>0C0CFB1A19424BBD00605FF3</string>
				<string>0C0CFB1B19424BBD00605FF3</string>
				<string>0C0CFB1C19424BBD00605FF3</string>
				<string>0C0CFB1D19424BBD00605FF3</string>
				<string>0C05B60219478D59005F9046</string>
				<string>0C05B60319478D59005F9046</string>
			</array>
			<key>isa</key>
			<string>PBXGroup</string>
			<key>name</key>
			<string>Classes</string>
			<key>path</key>
			<string>../Classes</string>
			<key>sourceTree</key>
			<string>&lt;group&gt;</string>
		</dict>
		<key>0C0CFB0C19424BBD00605FF3</key>
		<dict>
			<key>fileEncoding</key>
			<string>4</string>
			<key>isa</key>
			<string>PBXFileReference</string>
			<key>lastKnownFileType</key>
			<string>sourcecode.c.h</string>
			<key>path</key>
			<string>RZDebugMenuMultiItemListViewController.h</string>
			<key>sourceTree</key>
			<string>&lt;group&gt;</string>
		</dict>
		<key>0C0CFB0D19424BBD00605FF3</key>
		<dict>
			<key>fileEncoding</key>
			<string>4</string>
			<key>isa</key>
			<string>PBXFileReference</string>
			<key>lastKnownFileType</key>
			<string>sourcecode.c.objc</string>
			<key>path</key>
			<string>RZDebugMenuMultiItemListViewController.m</string>
			<key>sourceTree</key>
			<string>&lt;group&gt;</string>
		</dict>
		<key>0C0CFB0E19424BBD00605FF3</key>
		<dict>
			<key>fileEncoding</key>
			<string>4</string>
			<key>isa</key>
			<string>PBXFileReference</string>
			<key>lastKnownFileType</key>
			<string>sourcecode.c.h</string>
			<key>path</key>
			<string>RZDebugMenuModalViewController.h</string>
			<key>sourceTree</key>
			<string>&lt;group&gt;</string>
		</dict>
		<key>0C0CFB0F19424BBD00605FF3</key>
		<dict>
			<key>fileEncoding</key>
			<string>4</string>
			<key>isa</key>
			<string>PBXFileReference</string>
			<key>lastKnownFileType</key>
			<string>sourcecode.c.objc</string>
			<key>path</key>
			<string>RZDebugMenuModalViewController.m</string>
			<key>sourceTree</key>
			<string>&lt;group&gt;</string>
		</dict>
		<key>0C0CFB1019424BBD00605FF3</key>
		<dict>
			<key>fileEncoding</key>
			<string>4</string>
			<key>isa</key>
			<string>PBXFileReference</string>
			<key>lastKnownFileType</key>
			<string>sourcecode.c.h</string>
			<key>path</key>
			<string>RZDebugMenuMultiValueItem.h</string>
			<key>sourceTree</key>
			<string>&lt;group&gt;</string>
		</dict>
		<key>0C0CFB1119424BBD00605FF3</key>
		<dict>
			<key>fileEncoding</key>
			<string>4</string>
			<key>isa</key>
			<string>PBXFileReference</string>
			<key>lastKnownFileType</key>
			<string>sourcecode.c.objc</string>
			<key>path</key>
			<string>RZDebugMenuMultiValueItem.m</string>
			<key>sourceTree</key>
			<string>&lt;group&gt;</string>
		</dict>
		<key>0C0CFB1219424BBD00605FF3</key>
		<dict>
			<key>fileEncoding</key>
			<string>4</string>
			<key>isa</key>
			<string>PBXFileReference</string>
			<key>lastKnownFileType</key>
			<string>sourcecode.c.h</string>
			<key>path</key>
			<string>RZDebugMenuSettingsInterface.h</string>
			<key>sourceTree</key>
			<string>&lt;group&gt;</string>
		</dict>
		<key>0C0CFB1319424BBD00605FF3</key>
		<dict>
			<key>fileEncoding</key>
			<string>4</string>
			<key>isa</key>
			<string>PBXFileReference</string>
			<key>lastKnownFileType</key>
			<string>sourcecode.c.objc</string>
			<key>path</key>
			<string>RZDebugMenuSettingsInterface.m</string>
			<key>sourceTree</key>
			<string>&lt;group&gt;</string>
		</dict>
		<key>0C0CFB1419424BBD00605FF3</key>
		<dict>
			<key>fileEncoding</key>
			<string>4</string>
			<key>isa</key>
			<string>PBXFileReference</string>
			<key>lastKnownFileType</key>
			<string>sourcecode.c.h</string>
			<key>path</key>
			<string>RZDebugMenuToggleItem.h</string>
			<key>sourceTree</key>
			<string>&lt;group&gt;</string>
		</dict>
		<key>0C0CFB1519424BBD00605FF3</key>
		<dict>
			<key>fileEncoding</key>
			<string>4</string>
			<key>isa</key>
			<string>PBXFileReference</string>
			<key>lastKnownFileType</key>
			<string>sourcecode.c.objc</string>
			<key>path</key>
			<string>RZDebugMenuToggleItem.m</string>
			<key>sourceTree</key>
			<string>&lt;group&gt;</string>
		</dict>
		<key>0C0CFB1619424BBD00605FF3</key>
		<dict>
			<key>fileEncoding</key>
			<string>4</string>
			<key>isa</key>
			<string>PBXFileReference</string>
			<key>lastKnownFileType</key>
			<string>sourcecode.c.h</string>
			<key>path</key>
			<string>RZDisclosureTableViewCell.h</string>
			<key>sourceTree</key>
			<string>&lt;group&gt;</string>
		</dict>
		<key>0C0CFB1719424BBD00605FF3</key>
		<dict>
			<key>fileEncoding</key>
			<string>4</string>
			<key>isa</key>
			<string>PBXFileReference</string>
			<key>lastKnownFileType</key>
			<string>sourcecode.c.objc</string>
			<key>path</key>
			<string>RZDisclosureTableViewCell.m</string>
			<key>sourceTree</key>
			<string>&lt;group&gt;</string>
		</dict>
		<key>0C0CFB1A19424BBD00605FF3</key>
		<dict>
			<key>fileEncoding</key>
			<string>4</string>
			<key>isa</key>
			<string>PBXFileReference</string>
			<key>lastKnownFileType</key>
			<string>sourcecode.c.h</string>
			<key>path</key>
			<string>RZToggleTableViewCell.h</string>
			<key>sourceTree</key>
			<string>&lt;group&gt;</string>
		</dict>
		<key>0C0CFB1B19424BBD00605FF3</key>
		<dict>
			<key>fileEncoding</key>
			<string>4</string>
			<key>isa</key>
			<string>PBXFileReference</string>
			<key>lastKnownFileType</key>
			<string>sourcecode.c.objc</string>
			<key>path</key>
			<string>RZToggleTableViewCell.m</string>
			<key>sourceTree</key>
			<string>&lt;group&gt;</string>
		</dict>
		<key>0C0CFB1C19424BBD00605FF3</key>
		<dict>
			<key>fileEncoding</key>
			<string>4</string>
			<key>isa</key>
			<string>PBXFileReference</string>
			<key>lastKnownFileType</key>
			<string>sourcecode.c.h</string>
			<key>path</key>
			<string>RZVersionInfoTableViewCell.h</string>
			<key>sourceTree</key>
			<string>&lt;group&gt;</string>
		</dict>
		<key>0C0CFB1D19424BBD00605FF3</key>
		<dict>
			<key>fileEncoding</key>
			<string>4</string>
			<key>isa</key>
			<string>PBXFileReference</string>
			<key>lastKnownFileType</key>
			<string>sourcecode.c.objc</string>
			<key>path</key>
			<string>RZVersionInfoTableViewCell.m</string>
			<key>sourceTree</key>
			<string>&lt;group&gt;</string>
		</dict>
		<key>0C0CFB1E19424BBD00605FF3</key>
		<dict>
			<key>fileRef</key>
			<string>0C0CFB0D19424BBD00605FF3</string>
			<key>isa</key>
			<string>PBXBuildFile</string>
		</dict>
		<key>0C0CFB1F19424BBD00605FF3</key>
		<dict>
			<key>fileRef</key>
			<string>0C0CFB0F19424BBD00605FF3</string>
			<key>isa</key>
			<string>PBXBuildFile</string>
		</dict>
		<key>0C0CFB2019424BBD00605FF3</key>
		<dict>
			<key>fileRef</key>
			<string>0C0CFB1119424BBD00605FF3</string>
			<key>isa</key>
			<string>PBXBuildFile</string>
		</dict>
		<key>0C0CFB2119424BBD00605FF3</key>
		<dict>
			<key>fileRef</key>
			<string>0C0CFB1319424BBD00605FF3</string>
			<key>isa</key>
			<string>PBXBuildFile</string>
		</dict>
		<key>0C0CFB2219424BBD00605FF3</key>
		<dict>
			<key>fileRef</key>
			<string>0C0CFB1519424BBD00605FF3</string>
			<key>isa</key>
			<string>PBXBuildFile</string>
		</dict>
		<key>0C0CFB2319424BBD00605FF3</key>
		<dict>
			<key>fileRef</key>
			<string>0C0CFB1719424BBD00605FF3</string>
			<key>isa</key>
			<string>PBXBuildFile</string>
		</dict>
		<key>0C0CFB2519424BBD00605FF3</key>
		<dict>
			<key>fileRef</key>
			<string>0C0CFB1B19424BBD00605FF3</string>
			<key>isa</key>
			<string>PBXBuildFile</string>
		</dict>
		<key>0C0CFB2619424BBD00605FF3</key>
		<dict>
			<key>fileRef</key>
			<string>0C0CFB1D19424BBD00605FF3</string>
			<key>isa</key>
			<string>PBXBuildFile</string>
		</dict>
		<key>0C0CFB4319425DE600605FF3</key>
		<dict>
			<key>fileEncoding</key>
			<string>4</string>
			<key>isa</key>
			<string>PBXFileReference</string>
			<key>lastKnownFileType</key>
			<string>sourcecode.c.h</string>
			<key>path</key>
			<string>RZDebugMenuVersionItem.h</string>
			<key>sourceTree</key>
			<string>&lt;group&gt;</string>
		</dict>
		<key>0C0CFB4419425DE600605FF3</key>
		<dict>
			<key>fileEncoding</key>
			<string>4</string>
			<key>isa</key>
			<string>PBXFileReference</string>
			<key>lastKnownFileType</key>
			<string>sourcecode.c.objc</string>
			<key>path</key>
			<string>RZDebugMenuVersionItem.m</string>
			<key>sourceTree</key>
			<string>&lt;group&gt;</string>
		</dict>
		<key>0C0CFB4519425DE600605FF3</key>
		<dict>
			<key>fileRef</key>
			<string>0C0CFB4419425DE600605FF3</string>
			<key>isa</key>
			<string>PBXBuildFile</string>
		</dict>
		<key>0C22DAB6193CCDA30042938F</key>
		<dict>
			<key>children</key>
			<array>
				<string>0C22DAC8193CCDA30042938F</string>
				<string>0C22DAE1193CCDA30042938F</string>
				<string>0C22DAC1193CCDA30042938F</string>
				<string>0C22DAC0193CCDA30042938F</string>
				<string>0C0CFB0B19424BBD00605FF3</string>
			</array>
			<key>isa</key>
			<string>PBXGroup</string>
			<key>sourceTree</key>
			<string>&lt;group&gt;</string>
		</dict>
		<key>0C22DAB7193CCDA30042938F</key>
		<dict>
			<key>attributes</key>
			<dict>
				<key>CLASSPREFIX</key>
				<string>RZ</string>
				<key>LastUpgradeCheck</key>
				<string>0510</string>
				<key>ORGANIZATIONNAME</key>
				<string>Raizlabs</string>
				<key>TargetAttributes</key>
				<dict>
					<key>0C22DAD9193CCDA30042938F</key>
					<dict>
						<key>TestTargetID</key>
						<string>0C22DABE193CCDA30042938F</string>
					</dict>
				</dict>
			</dict>
			<key>buildConfigurationList</key>
			<string>0C22DABA193CCDA30042938F</string>
			<key>compatibilityVersion</key>
			<string>Xcode 3.2</string>
			<key>developmentRegion</key>
			<string>English</string>
			<key>hasScannedForEncodings</key>
			<string>0</string>
			<key>isa</key>
			<string>PBXProject</string>
			<key>knownRegions</key>
			<array>
				<string>en</string>
			</array>
			<key>mainGroup</key>
			<string>0C22DAB6193CCDA30042938F</string>
			<key>productRefGroup</key>
			<string>0C22DAC0193CCDA30042938F</string>
			<key>projectDirPath</key>
			<string></string>
			<key>projectReferences</key>
			<array/>
			<key>projectRoot</key>
			<string></string>
			<key>targets</key>
			<array>
				<string>0C22DABE193CCDA30042938F</string>
				<string>0C22DAD9193CCDA30042938F</string>
			</array>
		</dict>
		<key>0C22DABA193CCDA30042938F</key>
		<dict>
			<key>buildConfigurations</key>
			<array>
				<string>0C22DAE9193CCDA30042938F</string>
				<string>0C22DAEA193CCDA30042938F</string>
			</array>
			<key>defaultConfigurationIsVisible</key>
			<string>0</string>
			<key>defaultConfigurationName</key>
			<string>Release</string>
			<key>isa</key>
			<string>XCConfigurationList</string>
		</dict>
		<key>0C22DABB193CCDA30042938F</key>
		<dict>
			<key>buildActionMask</key>
			<string>2147483647</string>
			<key>files</key>
			<array>
				<string>0C0CFB2519424BBD00605FF3</string>
				<string>0C0CFB2319424BBD00605FF3</string>
				<string>0C22DAD3193CCDA30042938F</string>
				<string>0C0CFB2019424BBD00605FF3</string>
				<string>0C0CFB1F19424BBD00605FF3</string>
				<string>0C0CFB4519425DE600605FF3</string>
				<string>0C0CFB2219424BBD00605FF3</string>
				<string>0C0CFB1E19424BBD00605FF3</string>
				<string>0C0CFB2619424BBD00605FF3</string>
				<string>0C05B60419478D59005F9046</string>
				<string>0C05B60119472B2C005F9046</string>
				<string>0C972B0D193E1A9900EA84FF</string>
				<string>0C22DACF193CCDA30042938F</string>
				<string>0C7811081948D95B00F25AE5</string>
				<string>0C0CFB2119424BBD00605FF3</string>
			</array>
			<key>isa</key>
			<string>PBXSourcesBuildPhase</string>
			<key>runOnlyForDeploymentPostprocessing</key>
			<string>0</string>
		</dict>
		<key>0C22DABC193CCDA30042938F</key>
		<dict>
			<key>buildActionMask</key>
			<string>2147483647</string>
			<key>files</key>
			<array>
				<string>0C22DAC5193CCDA30042938F</string>
				<string>0C22DAC7193CCDA30042938F</string>
				<string>0C22DAC3193CCDA30042938F</string>
			</array>
			<key>isa</key>
			<string>PBXFrameworksBuildPhase</string>
			<key>runOnlyForDeploymentPostprocessing</key>
			<string>0</string>
		</dict>
		<key>0C22DABD193CCDA30042938F</key>
		<dict>
			<key>buildActionMask</key>
			<string>2147483647</string>
			<key>files</key>
			<array>
				<string>0C22DACD193CCDA30042938F</string>
				<string>0C22DAD5193CCDA30042938F</string>
				<string>0C972B03193E0CBB00EA84FF</string>
			</array>
			<key>isa</key>
			<string>PBXResourcesBuildPhase</string>
			<key>runOnlyForDeploymentPostprocessing</key>
			<string>0</string>
		</dict>
		<key>0C22DABE193CCDA30042938F</key>
		<dict>
			<key>buildConfigurationList</key>
			<string>0C22DAEB193CCDA30042938F</string>
			<key>buildPhases</key>
			<array>
				<string>0C22DABB193CCDA30042938F</string>
				<string>0C22DABC193CCDA30042938F</string>
				<string>0C22DABD193CCDA30042938F</string>
			</array>
			<key>buildRules</key>
			<array/>
			<key>dependencies</key>
			<array/>
			<key>isa</key>
			<string>PBXNativeTarget</string>
			<key>name</key>
			<string>RZDebugMenuDemo</string>
			<key>productName</key>
			<string>RZDebugMenuDemo</string>
			<key>productReference</key>
			<string>0C22DABF193CCDA30042938F</string>
			<key>productType</key>
			<string>com.apple.product-type.application</string>
		</dict>
		<key>0C22DABF193CCDA30042938F</key>
		<dict>
			<key>explicitFileType</key>
			<string>wrapper.application</string>
			<key>includeInIndex</key>
			<string>0</string>
			<key>isa</key>
			<string>PBXFileReference</string>
			<key>path</key>
			<string>RZDebugMenuDemo.app</string>
			<key>sourceTree</key>
			<string>BUILT_PRODUCTS_DIR</string>
		</dict>
		<key>0C22DAC0193CCDA30042938F</key>
		<dict>
			<key>children</key>
			<array>
				<string>0C22DABF193CCDA30042938F</string>
				<string>0C22DADA193CCDA30042938F</string>
			</array>
			<key>isa</key>
			<string>PBXGroup</string>
			<key>name</key>
			<string>Products</string>
			<key>sourceTree</key>
			<string>&lt;group&gt;</string>
		</dict>
		<key>0C22DAC1193CCDA30042938F</key>
		<dict>
			<key>children</key>
			<array>
				<string>0C22DAC2193CCDA30042938F</string>
				<string>0C22DAC4193CCDA30042938F</string>
				<string>0C22DAC6193CCDA30042938F</string>
				<string>0C22DADB193CCDA30042938F</string>
			</array>
			<key>isa</key>
			<string>PBXGroup</string>
			<key>name</key>
			<string>Frameworks</string>
			<key>sourceTree</key>
			<string>&lt;group&gt;</string>
		</dict>
		<key>0C22DAC2193CCDA30042938F</key>
		<dict>
			<key>isa</key>
			<string>PBXFileReference</string>
			<key>lastKnownFileType</key>
			<string>wrapper.framework</string>
			<key>name</key>
			<string>Foundation.framework</string>
			<key>path</key>
			<string>System/Library/Frameworks/Foundation.framework</string>
			<key>sourceTree</key>
			<string>SDKROOT</string>
		</dict>
		<key>0C22DAC3193CCDA30042938F</key>
		<dict>
			<key>fileRef</key>
			<string>0C22DAC2193CCDA30042938F</string>
			<key>isa</key>
			<string>PBXBuildFile</string>
		</dict>
		<key>0C22DAC4193CCDA30042938F</key>
		<dict>
			<key>isa</key>
			<string>PBXFileReference</string>
			<key>lastKnownFileType</key>
			<string>wrapper.framework</string>
			<key>name</key>
			<string>CoreGraphics.framework</string>
			<key>path</key>
			<string>System/Library/Frameworks/CoreGraphics.framework</string>
			<key>sourceTree</key>
			<string>SDKROOT</string>
		</dict>
		<key>0C22DAC5193CCDA30042938F</key>
		<dict>
			<key>fileRef</key>
			<string>0C22DAC4193CCDA30042938F</string>
			<key>isa</key>
			<string>PBXBuildFile</string>
		</dict>
		<key>0C22DAC6193CCDA30042938F</key>
		<dict>
			<key>isa</key>
			<string>PBXFileReference</string>
			<key>lastKnownFileType</key>
			<string>wrapper.framework</string>
			<key>name</key>
			<string>UIKit.framework</string>
			<key>path</key>
			<string>System/Library/Frameworks/UIKit.framework</string>
			<key>sourceTree</key>
			<string>SDKROOT</string>
		</dict>
		<key>0C22DAC7193CCDA30042938F</key>
		<dict>
			<key>fileRef</key>
			<string>0C22DAC6193CCDA30042938F</string>
			<key>isa</key>
			<string>PBXBuildFile</string>
		</dict>
		<key>0C22DAC8193CCDA30042938F</key>
		<dict>
			<key>children</key>
			<array>
				<string>0C972B0F193E1AEE00EA84FF</string>
				<string>0C972B0E193E1AB000EA84FF</string>
				<string>0C972B04193E1A9900EA84FF</string>
				<string>0C22DAF9193D085C0042938F</string>
				<string>0C22DAC9193CCDA30042938F</string>
			</array>
			<key>isa</key>
			<string>PBXGroup</string>
			<key>path</key>
			<string>RZDebugMenuDemo</string>
			<key>sourceTree</key>
			<string>&lt;group&gt;</string>
		</dict>
		<key>0C22DAC9193CCDA30042938F</key>
		<dict>
			<key>children</key>
			<array>
				<string>0C22DACA193CCDA30042938F</string>
				<string>0C22DACB193CCDA30042938F</string>
				<string>0C22DACE193CCDA30042938F</string>
				<string>0C22DAD0193CCDA30042938F</string>
			</array>
			<key>isa</key>
			<string>PBXGroup</string>
			<key>path</key>
			<string>Supporting Files</string>
			<key>sourceTree</key>
			<string>&lt;group&gt;</string>
		</dict>
		<key>0C22DACA193CCDA30042938F</key>
		<dict>
			<key>isa</key>
			<string>PBXFileReference</string>
			<key>lastKnownFileType</key>
			<string>text.plist.xml</string>
			<key>path</key>
			<string>RZDebugMenuDemo-Info.plist</string>
			<key>sourceTree</key>
			<string>&lt;group&gt;</string>
		</dict>
		<key>0C22DACB193CCDA30042938F</key>
		<dict>
			<key>children</key>
			<array>
				<string>0C22DACC193CCDA30042938F</string>
			</array>
			<key>isa</key>
			<string>PBXVariantGroup</string>
			<key>name</key>
			<string>InfoPlist.strings</string>
			<key>sourceTree</key>
			<string>&lt;group&gt;</string>
		</dict>
		<key>0C22DACC193CCDA30042938F</key>
		<dict>
			<key>isa</key>
			<string>PBXFileReference</string>
			<key>lastKnownFileType</key>
			<string>text.plist.strings</string>
			<key>name</key>
			<string>en</string>
			<key>path</key>
			<string>en.lproj/InfoPlist.strings</string>
			<key>sourceTree</key>
			<string>&lt;group&gt;</string>
		</dict>
		<key>0C22DACD193CCDA30042938F</key>
		<dict>
			<key>fileRef</key>
			<string>0C22DACB193CCDA30042938F</string>
			<key>isa</key>
			<string>PBXBuildFile</string>
		</dict>
		<key>0C22DACE193CCDA30042938F</key>
		<dict>
			<key>isa</key>
			<string>PBXFileReference</string>
			<key>lastKnownFileType</key>
			<string>sourcecode.c.objc</string>
			<key>path</key>
			<string>main.m</string>
			<key>sourceTree</key>
			<string>&lt;group&gt;</string>
		</dict>
		<key>0C22DACF193CCDA30042938F</key>
		<dict>
			<key>fileRef</key>
			<string>0C22DACE193CCDA30042938F</string>
			<key>isa</key>
			<string>PBXBuildFile</string>
		</dict>
		<key>0C22DAD0193CCDA30042938F</key>
		<dict>
			<key>isa</key>
			<string>PBXFileReference</string>
			<key>lastKnownFileType</key>
			<string>sourcecode.c.h</string>
			<key>path</key>
			<string>RZDebugMenuDemo-Prefix.pch</string>
			<key>sourceTree</key>
			<string>&lt;group&gt;</string>
		</dict>
		<key>0C22DAD1193CCDA30042938F</key>
		<dict>
			<key>isa</key>
			<string>PBXFileReference</string>
			<key>lastKnownFileType</key>
			<string>sourcecode.c.h</string>
			<key>path</key>
			<string>RZAppDelegate.h</string>
			<key>sourceTree</key>
			<string>&lt;group&gt;</string>
		</dict>
		<key>0C22DAD2193CCDA30042938F</key>
		<dict>
			<key>isa</key>
			<string>PBXFileReference</string>
			<key>lastKnownFileType</key>
			<string>sourcecode.c.objc</string>
			<key>path</key>
			<string>RZAppDelegate.m</string>
			<key>sourceTree</key>
			<string>&lt;group&gt;</string>
		</dict>
		<key>0C22DAD3193CCDA30042938F</key>
		<dict>
			<key>fileRef</key>
			<string>0C22DAD2193CCDA30042938F</string>
			<key>isa</key>
			<string>PBXBuildFile</string>
		</dict>
		<key>0C22DAD4193CCDA30042938F</key>
		<dict>
			<key>isa</key>
			<string>PBXFileReference</string>
			<key>lastKnownFileType</key>
			<string>folder.assetcatalog</string>
			<key>path</key>
			<string>Images.xcassets</string>
			<key>sourceTree</key>
			<string>&lt;group&gt;</string>
		</dict>
		<key>0C22DAD5193CCDA30042938F</key>
		<dict>
			<key>fileRef</key>
			<string>0C22DAD4193CCDA30042938F</string>
			<key>isa</key>
			<string>PBXBuildFile</string>
		</dict>
		<key>0C22DAD6193CCDA30042938F</key>
		<dict>
			<key>buildActionMask</key>
			<string>2147483647</string>
			<key>files</key>
			<array>
				<string>0C22DAE8193CCDA30042938F</string>
			</array>
			<key>isa</key>
			<string>PBXSourcesBuildPhase</string>
			<key>runOnlyForDeploymentPostprocessing</key>
			<string>0</string>
		</dict>
		<key>0C22DAD7193CCDA30042938F</key>
		<dict>
			<key>buildActionMask</key>
			<string>2147483647</string>
			<key>files</key>
			<array>
				<string>0C22DADC193CCDA30042938F</string>
				<string>0C22DADE193CCDA30042938F</string>
				<string>0C22DADD193CCDA30042938F</string>
			</array>
			<key>isa</key>
			<string>PBXFrameworksBuildPhase</string>
			<key>runOnlyForDeploymentPostprocessing</key>
			<string>0</string>
		</dict>
		<key>0C22DAD8193CCDA30042938F</key>
		<dict>
			<key>buildActionMask</key>
			<string>2147483647</string>
			<key>files</key>
			<array>
				<string>0C22DAE6193CCDA30042938F</string>
			</array>
			<key>isa</key>
			<string>PBXResourcesBuildPhase</string>
			<key>runOnlyForDeploymentPostprocessing</key>
			<string>0</string>
		</dict>
		<key>0C22DAD9193CCDA30042938F</key>
		<dict>
			<key>buildConfigurationList</key>
			<string>0C22DAEE193CCDA30042938F</string>
			<key>buildPhases</key>
			<array>
				<string>0C22DAD6193CCDA30042938F</string>
				<string>0C22DAD7193CCDA30042938F</string>
				<string>0C22DAD8193CCDA30042938F</string>
			</array>
			<key>buildRules</key>
			<array/>
			<key>dependencies</key>
			<array>
				<string>0C22DAE0193CCDA30042938F</string>
			</array>
			<key>isa</key>
			<string>PBXNativeTarget</string>
			<key>name</key>
			<string>RZDebugMenuDemoTests</string>
			<key>productName</key>
			<string>RZDebugMenuDemoTests</string>
			<key>productReference</key>
			<string>0C22DADA193CCDA30042938F</string>
			<key>productType</key>
			<string>com.apple.product-type.bundle.unit-test</string>
		</dict>
		<key>0C22DADA193CCDA30042938F</key>
		<dict>
			<key>explicitFileType</key>
			<string>wrapper.cfbundle</string>
			<key>includeInIndex</key>
			<string>0</string>
			<key>isa</key>
			<string>PBXFileReference</string>
			<key>path</key>
			<string>RZDebugMenuDemoTests.xctest</string>
			<key>sourceTree</key>
			<string>BUILT_PRODUCTS_DIR</string>
		</dict>
		<key>0C22DADB193CCDA30042938F</key>
		<dict>
			<key>isa</key>
			<string>PBXFileReference</string>
			<key>lastKnownFileType</key>
			<string>wrapper.framework</string>
			<key>name</key>
			<string>XCTest.framework</string>
			<key>path</key>
			<string>Library/Frameworks/XCTest.framework</string>
			<key>sourceTree</key>
			<string>DEVELOPER_DIR</string>
		</dict>
		<key>0C22DADC193CCDA30042938F</key>
		<dict>
			<key>fileRef</key>
			<string>0C22DADB193CCDA30042938F</string>
			<key>isa</key>
			<string>PBXBuildFile</string>
		</dict>
		<key>0C22DADD193CCDA30042938F</key>
		<dict>
			<key>fileRef</key>
			<string>0C22DAC2193CCDA30042938F</string>
			<key>isa</key>
			<string>PBXBuildFile</string>
		</dict>
		<key>0C22DADE193CCDA30042938F</key>
		<dict>
			<key>fileRef</key>
			<string>0C22DAC6193CCDA30042938F</string>
			<key>isa</key>
			<string>PBXBuildFile</string>
		</dict>
		<key>0C22DADF193CCDA30042938F</key>
		<dict>
			<key>containerPortal</key>
			<string>0C22DAB7193CCDA30042938F</string>
			<key>isa</key>
			<string>PBXContainerItemProxy</string>
			<key>proxyType</key>
			<string>1</string>
			<key>remoteGlobalIDString</key>
			<string>0C22DABE193CCDA30042938F</string>
			<key>remoteInfo</key>
			<string>RZDebugMenuDemo</string>
		</dict>
		<key>0C22DAE0193CCDA30042938F</key>
		<dict>
			<key>isa</key>
			<string>PBXTargetDependency</string>
			<key>target</key>
			<string>0C22DABE193CCDA30042938F</string>
			<key>targetProxy</key>
			<string>0C22DADF193CCDA30042938F</string>
		</dict>
		<key>0C22DAE1193CCDA30042938F</key>
		<dict>
			<key>children</key>
			<array>
				<string>0C22DAE7193CCDA30042938F</string>
				<string>0C22DAE2193CCDA30042938F</string>
			</array>
			<key>isa</key>
			<string>PBXGroup</string>
			<key>path</key>
			<string>RZDebugMenuDemoTests</string>
			<key>sourceTree</key>
			<string>&lt;group&gt;</string>
		</dict>
		<key>0C22DAE2193CCDA30042938F</key>
		<dict>
			<key>children</key>
			<array>
				<string>0C22DAE3193CCDA30042938F</string>
				<string>0C22DAE4193CCDA30042938F</string>
			</array>
			<key>isa</key>
			<string>PBXGroup</string>
			<key>path</key>
			<string>Supporting Files</string>
			<key>sourceTree</key>
			<string>&lt;group&gt;</string>
		</dict>
		<key>0C22DAE3193CCDA30042938F</key>
		<dict>
			<key>isa</key>
			<string>PBXFileReference</string>
			<key>lastKnownFileType</key>
			<string>text.plist.xml</string>
			<key>path</key>
			<string>RZDebugMenuDemoTests-Info.plist</string>
			<key>sourceTree</key>
			<string>&lt;group&gt;</string>
		</dict>
		<key>0C22DAE4193CCDA30042938F</key>
		<dict>
			<key>children</key>
			<array>
				<string>0C22DAE5193CCDA30042938F</string>
			</array>
			<key>isa</key>
			<string>PBXVariantGroup</string>
			<key>name</key>
			<string>InfoPlist.strings</string>
			<key>sourceTree</key>
			<string>&lt;group&gt;</string>
		</dict>
		<key>0C22DAE5193CCDA30042938F</key>
		<dict>
			<key>isa</key>
			<string>PBXFileReference</string>
			<key>lastKnownFileType</key>
			<string>text.plist.strings</string>
			<key>name</key>
			<string>en</string>
			<key>path</key>
			<string>en.lproj/InfoPlist.strings</string>
			<key>sourceTree</key>
			<string>&lt;group&gt;</string>
		</dict>
		<key>0C22DAE6193CCDA30042938F</key>
		<dict>
			<key>fileRef</key>
			<string>0C22DAE4193CCDA30042938F</string>
			<key>isa</key>
			<string>PBXBuildFile</string>
		</dict>
		<key>0C22DAE7193CCDA30042938F</key>
		<dict>
			<key>isa</key>
			<string>PBXFileReference</string>
			<key>lastKnownFileType</key>
			<string>sourcecode.c.objc</string>
			<key>path</key>
			<string>RZDebugMenuDemoTests.m</string>
			<key>sourceTree</key>
			<string>&lt;group&gt;</string>
		</dict>
		<key>0C22DAE8193CCDA30042938F</key>
		<dict>
			<key>fileRef</key>
			<string>0C22DAE7193CCDA30042938F</string>
			<key>isa</key>
			<string>PBXBuildFile</string>
		</dict>
		<key>0C22DAE9193CCDA30042938F</key>
		<dict>
			<key>buildSettings</key>
			<dict>
				<key>ALWAYS_SEARCH_USER_PATHS</key>
				<string>NO</string>
				<key>CLANG_CXX_LANGUAGE_STANDARD</key>
				<string>gnu++0x</string>
				<key>CLANG_CXX_LIBRARY</key>
				<string>libc++</string>
				<key>CLANG_ENABLE_MODULES</key>
				<string>YES</string>
				<key>CLANG_ENABLE_OBJC_ARC</key>
				<string>YES</string>
				<key>CLANG_WARN_BOOL_CONVERSION</key>
				<string>YES</string>
				<key>CLANG_WARN_CONSTANT_CONVERSION</key>
				<string>YES</string>
				<key>CLANG_WARN_DIRECT_OBJC_ISA_USAGE</key>
				<string>YES_ERROR</string>
				<key>CLANG_WARN_EMPTY_BODY</key>
				<string>YES</string>
				<key>CLANG_WARN_ENUM_CONVERSION</key>
				<string>YES</string>
				<key>CLANG_WARN_INT_CONVERSION</key>
				<string>YES</string>
				<key>CLANG_WARN_OBJC_ROOT_CLASS</key>
				<string>YES_ERROR</string>
				<key>CLANG_WARN__DUPLICATE_METHOD_MATCH</key>
				<string>YES</string>
				<key>CODE_SIGN_IDENTITY[sdk=iphoneos*]</key>
				<string>iPhone Developer</string>
				<key>COPY_PHASE_STRIP</key>
				<string>NO</string>
				<key>GCC_C_LANGUAGE_STANDARD</key>
				<string>gnu99</string>
				<key>GCC_DYNAMIC_NO_PIC</key>
				<string>NO</string>
				<key>GCC_OPTIMIZATION_LEVEL</key>
				<string>0</string>
				<key>GCC_PREPROCESSOR_DEFINITIONS</key>
				<array>
					<string>DEBUG=1</string>
					<string>$(inherited)</string>
				</array>
				<key>GCC_SYMBOLS_PRIVATE_EXTERN</key>
				<string>NO</string>
				<key>GCC_WARN_64_TO_32_BIT_CONVERSION</key>
				<string>YES</string>
				<key>GCC_WARN_ABOUT_RETURN_TYPE</key>
				<string>YES_ERROR</string>
				<key>GCC_WARN_UNDECLARED_SELECTOR</key>
				<string>YES</string>
				<key>GCC_WARN_UNINITIALIZED_AUTOS</key>
				<string>YES_AGGRESSIVE</string>
				<key>GCC_WARN_UNUSED_FUNCTION</key>
				<string>YES</string>
				<key>GCC_WARN_UNUSED_VARIABLE</key>
				<string>YES</string>
				<key>IPHONEOS_DEPLOYMENT_TARGET</key>
				<string>7.1</string>
				<key>ONLY_ACTIVE_ARCH</key>
				<string>YES</string>
				<key>SDKROOT</key>
				<string>iphoneos</string>
				<key>TARGETED_DEVICE_FAMILY</key>
				<string>1,2</string>
			</dict>
			<key>isa</key>
			<string>XCBuildConfiguration</string>
			<key>name</key>
			<string>Debug</string>
		</dict>
		<key>0C22DAEA193CCDA30042938F</key>
		<dict>
			<key>buildSettings</key>
			<dict>
				<key>ALWAYS_SEARCH_USER_PATHS</key>
				<string>NO</string>
				<key>CLANG_CXX_LANGUAGE_STANDARD</key>
				<string>gnu++0x</string>
				<key>CLANG_CXX_LIBRARY</key>
				<string>libc++</string>
				<key>CLANG_ENABLE_MODULES</key>
				<string>YES</string>
				<key>CLANG_ENABLE_OBJC_ARC</key>
				<string>YES</string>
				<key>CLANG_WARN_BOOL_CONVERSION</key>
				<string>YES</string>
				<key>CLANG_WARN_CONSTANT_CONVERSION</key>
				<string>YES</string>
				<key>CLANG_WARN_DIRECT_OBJC_ISA_USAGE</key>
				<string>YES_ERROR</string>
				<key>CLANG_WARN_EMPTY_BODY</key>
				<string>YES</string>
				<key>CLANG_WARN_ENUM_CONVERSION</key>
				<string>YES</string>
				<key>CLANG_WARN_INT_CONVERSION</key>
				<string>YES</string>
				<key>CLANG_WARN_OBJC_ROOT_CLASS</key>
				<string>YES_ERROR</string>
				<key>CLANG_WARN__DUPLICATE_METHOD_MATCH</key>
				<string>YES</string>
				<key>CODE_SIGN_IDENTITY[sdk=iphoneos*]</key>
				<string>iPhone Developer</string>
				<key>COPY_PHASE_STRIP</key>
				<string>YES</string>
				<key>ENABLE_NS_ASSERTIONS</key>
				<string>NO</string>
				<key>GCC_C_LANGUAGE_STANDARD</key>
				<string>gnu99</string>
				<key>GCC_WARN_64_TO_32_BIT_CONVERSION</key>
				<string>YES</string>
				<key>GCC_WARN_ABOUT_RETURN_TYPE</key>
				<string>YES_ERROR</string>
				<key>GCC_WARN_UNDECLARED_SELECTOR</key>
				<string>YES</string>
				<key>GCC_WARN_UNINITIALIZED_AUTOS</key>
				<string>YES_AGGRESSIVE</string>
				<key>GCC_WARN_UNUSED_FUNCTION</key>
				<string>YES</string>
				<key>GCC_WARN_UNUSED_VARIABLE</key>
				<string>YES</string>
				<key>IPHONEOS_DEPLOYMENT_TARGET</key>
				<string>7.1</string>
				<key>SDKROOT</key>
				<string>iphoneos</string>
				<key>TARGETED_DEVICE_FAMILY</key>
				<string>1,2</string>
				<key>VALIDATE_PRODUCT</key>
				<string>YES</string>
			</dict>
			<key>isa</key>
			<string>XCBuildConfiguration</string>
			<key>name</key>
			<string>Release</string>
		</dict>
		<key>0C22DAEB193CCDA30042938F</key>
		<dict>
			<key>buildConfigurations</key>
			<array>
				<string>0C22DAEC193CCDA30042938F</string>
				<string>0C22DAED193CCDA30042938F</string>
			</array>
			<key>defaultConfigurationIsVisible</key>
			<string>0</string>
			<key>defaultConfigurationName</key>
			<string>Release</string>
			<key>isa</key>
			<string>XCConfigurationList</string>
		</dict>
		<key>0C22DAEC193CCDA30042938F</key>
		<dict>
			<key>buildSettings</key>
			<dict>
				<key>ASSETCATALOG_COMPILER_APPICON_NAME</key>
				<string>AppIcon</string>
				<key>ASSETCATALOG_COMPILER_LAUNCHIMAGE_NAME</key>
				<string>LaunchImage</string>
				<key>GCC_PRECOMPILE_PREFIX_HEADER</key>
				<string>YES</string>
				<key>GCC_PREFIX_HEADER</key>
				<string>RZDebugMenuDemo/Supporting Files/RZDebugMenuDemo-Prefix.pch</string>
				<key>INFOPLIST_FILE</key>
				<string>RZDebugMenuDemo/Supporting Files/RZDebugMenuDemo-Info.plist</string>
				<key>PRODUCT_NAME</key>
				<string>$(TARGET_NAME)</string>
				<key>WRAPPER_EXTENSION</key>
				<string>app</string>
			</dict>
			<key>isa</key>
			<string>XCBuildConfiguration</string>
			<key>name</key>
			<string>Debug</string>
		</dict>
		<key>0C22DAED193CCDA30042938F</key>
		<dict>
			<key>buildSettings</key>
			<dict>
				<key>ASSETCATALOG_COMPILER_APPICON_NAME</key>
				<string>AppIcon</string>
				<key>ASSETCATALOG_COMPILER_LAUNCHIMAGE_NAME</key>
				<string>LaunchImage</string>
				<key>GCC_PRECOMPILE_PREFIX_HEADER</key>
				<string>YES</string>
				<key>GCC_PREFIX_HEADER</key>
				<string>RZDebugMenuDemo/Supporting Files/RZDebugMenuDemo-Prefix.pch</string>
				<key>INFOPLIST_FILE</key>
				<string>RZDebugMenuDemo/Supporting Files/RZDebugMenuDemo-Info.plist</string>
				<key>PRODUCT_NAME</key>
				<string>$(TARGET_NAME)</string>
				<key>WRAPPER_EXTENSION</key>
				<string>app</string>
			</dict>
			<key>isa</key>
			<string>XCBuildConfiguration</string>
			<key>name</key>
			<string>Release</string>
		</dict>
		<key>0C22DAEE193CCDA30042938F</key>
		<dict>
			<key>buildConfigurations</key>
			<array>
				<string>0C22DAEF193CCDA30042938F</string>
				<string>0C22DAF0193CCDA30042938F</string>
			</array>
			<key>defaultConfigurationIsVisible</key>
			<string>0</string>
			<key>defaultConfigurationName</key>
			<string>Release</string>
			<key>isa</key>
			<string>XCConfigurationList</string>
		</dict>
		<key>0C22DAEF193CCDA30042938F</key>
		<dict>
			<key>buildSettings</key>
			<dict>
				<key>BUNDLE_LOADER</key>
				<string>$(BUILT_PRODUCTS_DIR)/RZDebugMenuDemo.app/RZDebugMenuDemo</string>
				<key>FRAMEWORK_SEARCH_PATHS</key>
				<array>
					<string>$(SDKROOT)/Developer/Library/Frameworks</string>
					<string>$(inherited)</string>
					<string>$(DEVELOPER_FRAMEWORKS_DIR)</string>
				</array>
				<key>GCC_PRECOMPILE_PREFIX_HEADER</key>
				<string>YES</string>
				<key>GCC_PREFIX_HEADER</key>
				<string>RZDebugMenuDemo/Supporting Files/RZDebugMenuDemo-Prefix.pch</string>
				<key>GCC_PREPROCESSOR_DEFINITIONS</key>
				<array>
					<string>DEBUG=1</string>
					<string>$(inherited)</string>
				</array>
				<key>INFOPLIST_FILE</key>
				<string>RZDebugMenuDemoTests/Supporting Files/RZDebugMenuDemoTests-Info.plist</string>
				<key>PRODUCT_NAME</key>
				<string>$(TARGET_NAME)</string>
				<key>TEST_HOST</key>
				<string>$(BUNDLE_LOADER)</string>
				<key>WRAPPER_EXTENSION</key>
				<string>xctest</string>
			</dict>
			<key>isa</key>
			<string>XCBuildConfiguration</string>
			<key>name</key>
			<string>Debug</string>
		</dict>
		<key>0C22DAF0193CCDA30042938F</key>
		<dict>
			<key>buildSettings</key>
			<dict>
				<key>BUNDLE_LOADER</key>
				<string>$(BUILT_PRODUCTS_DIR)/RZDebugMenuDemo.app/RZDebugMenuDemo</string>
				<key>FRAMEWORK_SEARCH_PATHS</key>
				<array>
					<string>$(SDKROOT)/Developer/Library/Frameworks</string>
					<string>$(inherited)</string>
					<string>$(DEVELOPER_FRAMEWORKS_DIR)</string>
				</array>
				<key>GCC_PRECOMPILE_PREFIX_HEADER</key>
				<string>YES</string>
				<key>GCC_PREFIX_HEADER</key>
				<string>RZDebugMenuDemo/Supporting Files/RZDebugMenuDemo-Prefix.pch</string>
				<key>INFOPLIST_FILE</key>
				<string>RZDebugMenuDemoTests/Supporting Files/RZDebugMenuDemoTests-Info.plist</string>
				<key>PRODUCT_NAME</key>
				<string>$(TARGET_NAME)</string>
				<key>TEST_HOST</key>
				<string>$(BUNDLE_LOADER)</string>
				<key>WRAPPER_EXTENSION</key>
				<string>xctest</string>
			</dict>
			<key>isa</key>
			<string>XCBuildConfiguration</string>
			<key>name</key>
			<string>Release</string>
		</dict>
		<key>0C22DAF9193D085C0042938F</key>
		<dict>
			<key>children</key>
			<array/>
			<key>isa</key>
			<string>PBXGroup</string>
			<key>path</key>
			<string>Views</string>
			<key>sourceTree</key>
			<string>&lt;group&gt;</string>
		</dict>
		<key>0C7811061948D95B00F25AE5</key>
		<dict>
			<key>fileEncoding</key>
			<string>4</string>
			<key>isa</key>
			<string>PBXFileReference</string>
			<key>lastKnownFileType</key>
			<string>sourcecode.c.h</string>
			<key>path</key>
			<string>RZDebugMenu.h</string>
			<key>sourceTree</key>
			<string>&lt;group&gt;</string>
		</dict>
		<key>0C7811071948D95B00F25AE5</key>
		<dict>
			<key>fileEncoding</key>
			<string>4</string>
			<key>isa</key>
			<string>PBXFileReference</string>
			<key>lastKnownFileType</key>
			<string>sourcecode.c.objc</string>
			<key>path</key>
			<string>RZDebugMenu.m</string>
			<key>sourceTree</key>
			<string>&lt;group&gt;</string>
		</dict>
		<key>0C7811081948D95B00F25AE5</key>
		<dict>
			<key>fileRef</key>
			<string>0C7811071948D95B00F25AE5</string>
			<key>isa</key>
			<string>PBXBuildFile</string>
		</dict>
		<key>0C972B02193E0CBB00EA84FF</key>
		<dict>
			<key>fileEncoding</key>
			<string>4</string>
			<key>isa</key>
			<string>PBXFileReference</string>
			<key>lastKnownFileType</key>
			<string>text.plist.xml</string>
			<key>path</key>
			<string>Settings.plist</string>
			<key>sourceTree</key>
			<string>&lt;group&gt;</string>
		</dict>
		<key>0C972B03193E0CBB00EA84FF</key>
		<dict>
			<key>fileRef</key>
			<string>0C972B02193E0CBB00EA84FF</string>
			<key>isa</key>
			<string>PBXBuildFile</string>
		</dict>
		<key>0C972B04193E1A9900EA84FF</key>
		<dict>
			<key>children</key>
			<array>
				<string>0C972B09193E1A9900EA84FF</string>
				<string>0C972B0A193E1A9900EA84FF</string>
			</array>
			<key>isa</key>
			<string>PBXGroup</string>
			<key>path</key>
			<string>View Controllers</string>
			<key>sourceTree</key>
			<string>&lt;group&gt;</string>
		</dict>
		<key>0C972B09193E1A9900EA84FF</key>
		<dict>
			<key>fileEncoding</key>
			<string>4</string>
			<key>isa</key>
			<string>PBXFileReference</string>
			<key>lastKnownFileType</key>
			<string>sourcecode.c.h</string>
			<key>path</key>
			<string>RZDebugMenuRootViewController.h</string>
			<key>sourceTree</key>
			<string>&lt;group&gt;</string>
		</dict>
		<key>0C972B0A193E1A9900EA84FF</key>
		<dict>
			<key>fileEncoding</key>
			<string>4</string>
			<key>isa</key>
			<string>PBXFileReference</string>
			<key>lastKnownFileType</key>
			<string>sourcecode.c.objc</string>
			<key>path</key>
			<string>RZDebugMenuRootViewController.m</string>
			<key>sourceTree</key>
			<string>&lt;group&gt;</string>
		</dict>
		<key>0C972B0D193E1A9900EA84FF</key>
		<dict>
			<key>fileRef</key>
			<string>0C972B0A193E1A9900EA84FF</string>
			<key>isa</key>
			<string>PBXBuildFile</string>
		</dict>
		<key>0C972B0E193E1AB000EA84FF</key>
		<dict>
			<key>children</key>
			<array>
				<string>0C22DAD4193CCDA30042938F</string>
				<string>0C972B02193E0CBB00EA84FF</string>
			</array>
			<key>isa</key>
			<string>PBXGroup</string>
			<key>path</key>
			<string>Resources</string>
			<key>sourceTree</key>
			<string>&lt;group&gt;</string>
		</dict>
		<key>0C972B0F193E1AEE00EA84FF</key>
		<dict>
			<key>children</key>
			<array>
				<string>0C22DAD1193CCDA30042938F</string>
				<string>0C22DAD2193CCDA30042938F</string>
			</array>
			<key>isa</key>
			<string>PBXGroup</string>
			<key>path</key>
			<string>Application</string>
			<key>sourceTree</key>
			<string>&lt;group&gt;</string>
		</dict>
	</dict>
	<key>rootObject</key>
	<string>0C22DAB7193CCDA30042938F</string>
</dict>
</plist>
